// !$*UTF8*$!
{
	archiveVersion = 1;
	classes = {
	};
	objectVersion = 46;
	objects = {

/* Begin PBXBuildFile section */
		97FB4E271ED84FF300AC2FB7 /* main.m in Sources */ = {isa = PBXBuildFile; fileRef = 97FB4E261ED84FF300AC2FB7 /* main.m */; };
		97FB4E2A1ED84FF300AC2FB7 /* AppDelegate.m in Sources */ = {isa = PBXBuildFile; fileRef = 97FB4E291ED84FF300AC2FB7 /* AppDelegate.m */; };
		97FB4E2D1ED84FF300AC2FB7 /* ViewController.m in Sources */ = {isa = PBXBuildFile; fileRef = 97FB4E2C1ED84FF300AC2FB7 /* ViewController.m */; };
		97FB4E301ED84FF300AC2FB7 /* Main.storyboard in Resources */ = {isa = PBXBuildFile; fileRef = 97FB4E2E1ED84FF300AC2FB7 /* Main.storyboard */; };
		97FB4E321ED84FF300AC2FB7 /* Assets.xcassets in Resources */ = {isa = PBXBuildFile; fileRef = 97FB4E311ED84FF300AC2FB7 /* Assets.xcassets */; };
		97FB4E351ED84FF300AC2FB7 /* LaunchScreen.storyboard in Resources */ = {isa = PBXBuildFile; fileRef = 97FB4E331ED84FF300AC2FB7 /* LaunchScreen.storyboard */; };
/* End PBXBuildFile section */

/* Begin PBXFileReference section */
		97FB4E221ED84FF300AC2FB7 /* Spacyr.app */ = {isa = PBXFileReference; explicitFileType = wrapper.application; includeInIndex = 0; path = Spacyr.app; sourceTree = BUILT_PRODUCTS_DIR; };
		97FB4E261ED84FF300AC2FB7 /* main.m */ = {isa = PBXFileReference; lastKnownFileType = sourcecode.c.objc; path = main.m; sourceTree = "<group>"; };
		97FB4E281ED84FF300AC2FB7 /* AppDelegate.h */ = {isa = PBXFileReference; lastKnownFileType = sourcecode.c.h; path = AppDelegate.h; sourceTree = "<group>"; };
		97FB4E291ED84FF300AC2FB7 /* AppDelegate.m */ = {isa = PBXFileReference; lastKnownFileType = sourcecode.c.objc; path = AppDelegate.m; sourceTree = "<group>"; };
		97FB4E2B1ED84FF300AC2FB7 /* ViewController.h */ = {isa = PBXFileReference; lastKnownFileType = sourcecode.c.h; path = ViewController.h; sourceTree = "<group>"; };
		97FB4E2C1ED84FF300AC2FB7 /* ViewController.m */ = {isa = PBXFileReference; lastKnownFileType = sourcecode.c.objc; path = ViewController.m; sourceTree = "<group>"; };
		97FB4E2F1ED84FF300AC2FB7 /* Base */ = {isa = PBXFileReference; lastKnownFileType = file.storyboard; name = Base; path = Base.lproj/Main.storyboard; sourceTree = "<group>"; };
		97FB4E311ED84FF300AC2FB7 /* Assets.xcassets */ = {isa = PBXFileReference; lastKnownFileType = folder.assetcatalog; path = Assets.xcassets; sourceTree = "<group>"; };
		97FB4E341ED84FF300AC2FB7 /* Base */ = {isa = PBXFileReference; lastKnownFileType = file.storyboard; name = Base; path = Base.lproj/LaunchScreen.storyboard; sourceTree = "<group>"; };
		97FB4E361ED84FF300AC2FB7 /* Info.plist */ = {isa = PBXFileReference; lastKnownFileType = text.plist.xml; path = Info.plist; sourceTree = "<group>"; };
/* End PBXFileReference section */

/* Begin PBXFrameworksBuildPhase section */
		97FB4E1F1ED84FF300AC2FB7 /* Frameworks */ = {
			isa = PBXFrameworksBuildPhase;
			buildActionMask = 2147483647;
			files = (
			);
			runOnlyForDeploymentPostprocessing = 0;
		};
/* End PBXFrameworksBuildPhase section */

/* Begin PBXGroup section */
		97FB4E191ED84FF300AC2FB7 = {
			isa = PBXGroup;
			children = (
				97FB4E241ED84FF300AC2FB7 /* Spacyr */,
				97FB4E231ED84FF300AC2FB7 /* Products */,
			);
			sourceTree = "<group>";
		};
		97FB4E231ED84FF300AC2FB7 /* Products */ = {
			isa = PBXGroup;
			children = (
				97FB4E221ED84FF300AC2FB7 /* Spacyr.app */,
			);
			name = Products;
			sourceTree = "<group>";
		};
		97FB4E241ED84FF300AC2FB7 /* Spacyr */ = {
			isa = PBXGroup;
			children = (
				97FB4E281ED84FF300AC2FB7 /* AppDelegate.h */,
				97FB4E291ED84FF300AC2FB7 /* AppDelegate.m */,
				97FB4E2B1ED84FF300AC2FB7 /* ViewController.h */,
				97FB4E2C1ED84FF300AC2FB7 /* ViewController.m */,
				97FB4E2E1ED84FF300AC2FB7 /* Main.storyboard */,
				97FB4E311ED84FF300AC2FB7 /* Assets.xcassets */,
				97FB4E331ED84FF300AC2FB7 /* LaunchScreen.storyboard */,
				97FB4E361ED84FF300AC2FB7 /* Info.plist */,
				97FB4E251ED84FF300AC2FB7 /* Supporting Files */,
			);
			path = Spacyr;
			sourceTree = "<group>";
		};
		97FB4E251ED84FF300AC2FB7 /* Supporting Files */ = {
			isa = PBXGroup;
			children = (
				97FB4E261ED84FF300AC2FB7 /* main.m */,
			);
			name = "Supporting Files";
			sourceTree = "<group>";
		};
/* End PBXGroup section */

/* Begin PBXNativeTarget section */
		97FB4E211ED84FF300AC2FB7 /* Spacyr */ = {
			isa = PBXNativeTarget;
			buildConfigurationList = 97FB4E391ED84FF300AC2FB7 /* Build configuration list for PBXNativeTarget "Spacyr" */;
			buildPhases = (
				97FB4E1E1ED84FF300AC2FB7 /* Sources */,
				97FB4E1F1ED84FF300AC2FB7 /* Frameworks */,
				97FB4E201ED84FF300AC2FB7 /* Resources */,
			);
			buildRules = (
			);
			dependencies = (
			);
			name = Spacyr;
			productName = Spacyr;
			productReference = 97FB4E221ED84FF300AC2FB7 /* Spacyr.app */;
			productType = "com.apple.product-type.application";
		};
/* End PBXNativeTarget section */

/* Begin PBXProject section */
		97FB4E1A1ED84FF300AC2FB7 /* Project object */ = {
			isa = PBXProject;
			attributes = {
				LastUpgradeCheck = 0830;
				ORGANIZATIONNAME = "Daniel Muraveyko";
				TargetAttributes = {
					97FB4E211ED84FF300AC2FB7 = {
						CreatedOnToolsVersion = 8.3.2;
						DevelopmentTeam = AE35MJPR3L;
						ProvisioningStyle = Automatic;
					};
				};
			};
			buildConfigurationList = 97FB4E1D1ED84FF300AC2FB7 /* Build configuration list for PBXProject "Spacyr" */;
			compatibilityVersion = "Xcode 3.2";
			developmentRegion = English;
			hasScannedForEncodings = 0;
			knownRegions = (
				en,
				Base,
			);
			mainGroup = 97FB4E191ED84FF300AC2FB7;
			productRefGroup = 97FB4E231ED84FF300AC2FB7 /* Products */;
			projectDirPath = "";
			projectRoot = "";
			targets = (
				97FB4E211ED84FF300AC2FB7 /* Spacyr */,
			);
		};
/* End PBXProject section */

/* Begin PBXResourcesBuildPhase section */
		97FB4E201ED84FF300AC2FB7 /* Resources */ = {
			isa = PBXResourcesBuildPhase;
			buildActionMask = 2147483647;
			files = (
				97FB4E351ED84FF300AC2FB7 /* LaunchScreen.storyboard in Resources */,
				97FB4E321ED84FF300AC2FB7 /* Assets.xcassets in Resources */,
				97FB4E301ED84FF300AC2FB7 /* Main.storyboard in Resources */,
			);
			runOnlyForDeploymentPostprocessing = 0;
		};
/* End PBXResourcesBuildPhase section */

/* Begin PBXSourcesBuildPhase section */
		97FB4E1E1ED84FF300AC2FB7 /* Sources */ = {
			isa = PBXSourcesBuildPhase;
			buildActionMask = 2147483647;
			files = (
				97FB4E2D1ED84FF300AC2FB7 /* ViewController.m in Sources */,
				97FB4E2A1ED84FF300AC2FB7 /* AppDelegate.m in Sources */,
				97FB4E271ED84FF300AC2FB7 /* main.m in Sources */,
			);
			runOnlyForDeploymentPostprocessing = 0;
		};
/* End PBXSourcesBuildPhase section */

/* Begin PBXVariantGroup section */
		97FB4E2E1ED84FF300AC2FB7 /* Main.storyboard */ = {
			isa = PBXVariantGroup;
			children = (
				97FB4E2F1ED84FF300AC2FB7 /* Base */,
			);
			name = Main.storyboard;
			sourceTree = "<group>";
		};
		97FB4E331ED84FF300AC2FB7 /* LaunchScreen.storyboard */ = {
			isa = PBXVariantGroup;
			children = (
				97FB4E341ED84FF300AC2FB7 /* Base */,
			);
			name = LaunchScreen.storyboard;
			sourceTree = "<group>";
		};
/* End PBXVariantGroup section */

/* Begin XCBuildConfiguration section */
		97FB4E371ED84FF300AC2FB7 /* Debug */ = {
			isa = XCBuildConfiguration;
			buildSettings = {
				ALWAYS_SEARCH_USER_PATHS = NO;
				CLANG_ANALYZER_NONNULL = YES;
				CLANG_ANALYZER_NUMBER_OBJECT_CONVERSION = YES_AGGRESSIVE;
				CLANG_CXX_LANGUAGE_STANDARD = "gnu++0x";
				CLANG_CXX_LIBRARY = "libc++";
				CLANG_ENABLE_MODULES = YES;
				CLANG_ENABLE_OBJC_ARC = YES;
				CLANG_WARN_BOOL_CONVERSION = YES;
				CLANG_WARN_CONSTANT_CONVERSION = YES;
				CLANG_WARN_DIRECT_OBJC_ISA_USAGE = YES_ERROR;
				CLANG_WARN_DOCUMENTATION_COMMENTS = YES;
				CLANG_WARN_EMPTY_BODY = YES;
				CLANG_WARN_ENUM_CONVERSION = YES;
				CLANG_WARN_INFINITE_RECURSION = YES;
				CLANG_WARN_INT_CONVERSION = YES;
				CLANG_WARN_OBJC_ROOT_CLASS = YES_ERROR;
				CLANG_WARN_SUSPICIOUS_MOVE = YES;
				CLANG_WARN_UNREACHABLE_CODE = YES;
				CLANG_WARN__DUPLICATE_METHOD_MATCH = YES;
				"CODE_SIGN_IDENTITY[sdk=iphoneos*]" = "iPhone Developer";
				COPY_PHASE_STRIP = NO;
				DEBUG_INFORMATION_FORMAT = dwarf;
				ENABLE_STRICT_OBJC_MSGSEND = YES;
				ENABLE_TESTABILITY = YES;
				GCC_C_LANGUAGE_STANDARD = gnu99;
				GCC_DYNAMIC_NO_PIC = NO;
				GCC_NO_COMMON_BLOCKS = YES;
				GCC_OPTIMIZATION_LEVEL = 0;
				GCC_PREPROCESSOR_DEFINITIONS = (
					"DEBUG=1",
					"$(inherited)",
				);
				GCC_WARN_64_TO_32_BIT_CONVERSION = YES;
				GCC_WARN_ABOUT_RETURN_TYPE = YES_ERROR;
				GCC_WARN_UNDECLARED_SELECTOR = YES;
				GCC_WARN_UNINITIALIZED_AUTOS = YES_AGGRESSIVE;
				GCC_WARN_UNUSED_FUNCTION = YES;
				GCC_WARN_UNUSED_VARIABLE = YES;
				IPHONEOS_DEPLOYMENT_TARGET = 10.3;
				MTL_ENABLE_DEBUG_INFO = YES;
				ONLY_ACTIVE_ARCH = YES;
				SDKROOT = iphoneos;
			};
			name = Debug;
		};
		97FB4E381ED84FF300AC2FB7 /* Release */ = {
			isa = XCBuildConfiguration;
			buildSettings = {
				ALWAYS_SEARCH_USER_PATHS = NO;
				CLANG_ANALYZER_NONNULL = YES;
				CLANG_ANALYZER_NUMBER_OBJECT_CONVERSION = YES_AGGRESSIVE;
				CLANG_CXX_LANGUAGE_STANDARD = "gnu++0x";
				CLANG_CXX_LIBRARY = "libc++";
				CLANG_ENABLE_MODULES = YES;
				CLANG_ENABLE_OBJC_ARC = YES;
				CLANG_WARN_BOOL_CONVERSION = YES;
				CLANG_WARN_CONSTANT_CONVERSION = YES;
				CLANG_WARN_DIRECT_OBJC_ISA_USAGE = YES_ERROR;
				CLANG_WARN_DOCUMENTATION_COMMENTS = YES;
				CLANG_WARN_EMPTY_BODY = YES;
				CLANG_WARN_ENUM_CONVERSION = YES;
				CLANG_WARN_INFINITE_RECURSION = YES;
				CLANG_WARN_INT_CONVERSION = YES;
				CLANG_WARN_OBJC_ROOT_CLASS = YES_ERROR;
				CLANG_WARN_SUSPICIOUS_MOVE = YES;
				CLANG_WARN_UNREACHABLE_CODE = YES;
				CLANG_WARN__DUPLICATE_METHOD_MATCH = YES;
				"CODE_SIGN_IDENTITY[sdk=iphoneos*]" = "iPhone Developer";
				COPY_PHASE_STRIP = NO;
				DEBUG_INFORMATION_FORMAT = "dwarf-with-dsym";
				ENABLE_NS_ASSERTIONS = NO;
				ENABLE_STRICT_OBJC_MSGSEND = YES;
				GCC_C_LANGUAGE_STANDARD = gnu99;
				GCC_NO_COMMON_BLOCKS = YES;
				GCC_WARN_64_TO_32_BIT_CONVERSION = YES;
				GCC_WARN_ABOUT_RETURN_TYPE = YES_ERROR;
				GCC_WARN_UNDECLARED_SELECTOR = YES;
				GCC_WARN_UNINITIALIZED_AUTOS = YES_AGGRESSIVE;
				GCC_WARN_UNUSED_FUNCTION = YES;
				GCC_WARN_UNUSED_VARIABLE = YES;
				IPHONEOS_DEPLOYMENT_TARGET = 10.3;
				MTL_ENABLE_DEBUG_INFO = NO;
				SDKROOT = iphoneos;
				VALIDATE_PRODUCT = YES;
			};
			name = Release;
		};
		97FB4E3A1ED84FF300AC2FB7 /* Debug */ = {
			isa = XCBuildConfiguration;
			buildSettings = {
				ASSETCATALOG_COMPILER_APPICON_NAME = AppIcon;
				DEVELOPMENT_TEAM = AE35MJPR3L;
				INFOPLIST_FILE = Spacyr/Info.plist;
				LD_RUNPATH_SEARCH_PATHS = "$(inherited) @executable_path/Frameworks";
				PRODUCT_BUNDLE_IDENTIFIER = murinc.Spacyr;
				PRODUCT_NAME = "$(TARGET_NAME)";
			};
			name = Debug;
		};
		97FB4E3B1ED84FF300AC2FB7 /* Release */ = {
			isa = XCBuildConfiguration;
			buildSettings = {
				ASSETCATALOG_COMPILER_APPICON_NAME = AppIcon;
				DEVELOPMENT_TEAM = AE35MJPR3L;
				INFOPLIST_FILE = Spacyr/Info.plist;
				LD_RUNPATH_SEARCH_PATHS = "$(inherited) @executable_path/Frameworks";
				PRODUCT_BUNDLE_IDENTIFIER = murinc.Spacyr;
				PRODUCT_NAME = "$(TARGET_NAME)";
			};
			name = Release;
		};
/* End XCBuildConfiguration section */

/* Begin XCConfigurationList section */
		97FB4E1D1ED84FF300AC2FB7 /* Build configuration list for PBXProject "Spacyr" */ = {
			isa = XCConfigurationList;
			buildConfigurations = (
				97FB4E371ED84FF300AC2FB7 /* Debug */,
				97FB4E381ED84FF300AC2FB7 /* Release */,
			);
			defaultConfigurationIsVisible = 0;
			defaultConfigurationName = Release;
		};
		97FB4E391ED84FF300AC2FB7 /* Build configuration list for PBXNativeTarget "Spacyr" */ = {
			isa = XCConfigurationList;
			buildConfigurations = (
				97FB4E3A1ED84FF300AC2FB7 /* Debug */,
				97FB4E3B1ED84FF300AC2FB7 /* Release */,
			);
			defaultConfigurationIsVisible = 0;
		};
/* End XCConfigurationList section */
	};
	rootObject = 97FB4E1A1ED84FF300AC2FB7 /* Project object */;
}
